
Microsoft Visual Studio Solution File, Format Version 12.00
# Visual Studio Version 17
VisualStudioVersion = 17.14.36121.58 d17.14
MinimumVisualStudioVersion = 10.0.40219.1
Project("{FAE04EC0-301F-11D3-BF4B-00C04F79EFBC}") = "BookShelfWeb", "BookShelfWeb\BookShelfWeb.csproj", "{0C90788B-957E-4B9D-A8B4-349D15615798}"
EndProject
Global
	GlobalSection(SolutionConfigurationPlatforms) = preSolution
		Debug|Any CPU = Debug|Any CPU
		Release|Any CPU = Release|Any CPU
	EndGlobalSection
	GlobalSection(ProjectConfigurationPlatforms) = postSolution
		{0C90788B-957E-4B9D-A8B4-349D15615798}.Debug|Any CPU.ActiveCfg = Debug|Any CPU
		{0C90788B-957E-4B9D-A8B4-349D15615798}.Debug|Any CPU.Build.0 = Debug|Any CPU
		{0C90788B-957E-4B9D-A8B4-349D15615798}.Release|Any CPU.ActiveCfg = Release|Any CPU
		{0C90788B-957E-4B9D-A8B4-349D15615798}.Release|Any CPU.Build.0 = Release|Any CPU
	EndGlobalSection
	GlobalSection(SolutionProperties) = preSolution
		HideSolutionNode = FALSE
	EndGlobalSection
	GlobalSection(ExtensibilityGlobals) = postSolution
		SolutionGuid = {E6E8CFE6-B8E2-4058-A07E-6FD7E338103E}
	EndGlobalSection
EndGlobal
